
Microsoft Visual Studio Solution File, Format Version 12.00
# Visual Studio Version 16
VisualStudioVersion = 16.0.32413.511
MinimumVisualStudioVersion = 10.0.40219.1
Project("{FAE04EC0-301F-11D3-BF4B-00C04F79EFBC}") = "day4_A", "day4_A.csproj", "{C87745AE-F9F2-49C2-BDD4-94411E4D709D}"
EndProject
Global
	GlobalSection(SolutionConfigurationPlatforms) = preSolution
		Debug|Any CPU = Debug|Any CPU
		Release|Any CPU = Release|Any CPU
	EndGlobalSection
	GlobalSection(ProjectConfigurationPlatforms) = postSolution
		{C87745AE-F9F2-49C2-BDD4-94411E4D709D}.Debug|Any CPU.ActiveCfg = Debug|Any CPU
		{C87745AE-F9F2-49C2-BDD4-94411E4D709D}.Debug|Any CPU.Build.0 = Debug|Any CPU
		{C87745AE-F9F2-49C2-BDD4-94411E4D709D}.Release|Any CPU.ActiveCfg = Release|Any CPU
		{C87745AE-F9F2-49C2-BDD4-94411E4D709D}.Release|Any CPU.Build.0 = Release|Any CPU
	EndGlobalSection
	GlobalSection(SolutionProperties) = preSolution
		HideSolutionNode = FALSE
	EndGlobalSection
	GlobalSection(ExtensibilityGlobals) = postSolution
		SolutionGuid = {BD07D936-4799-41F6-AD38-EBF514F72FBB}
	EndGlobalSection
EndGlobal
